
Microsoft Visual Studio Solution File, Format Version 12.00
# Visual Studio 15
VisualStudioVersion = 15.0.27004.2005
MinimumVisualStudioVersion = 10.0.40219.1
Project("{9A19103F-16F7-4668-BE54-9A1E7A4F7556}") = "AwesomeBooks.Web", "AwesomeBooks.Web\AwesomeBooks.Web.csproj", "{3CF8EF54-40CC-443D-9DAB-3DE506D457FD}"
EndProject
Project("{FAE04EC0-301F-11D3-BF4B-00C04F79EFBC}") = "AwesomeBooks.Domain", "AwesomeBooks.Domain\AwesomeBooks.Domain.csproj", "{89882317-8BFF-4A39-8365-37024C59DF4C}"
EndProject
Project("{FAE04EC0-301F-11D3-BF4B-00C04F79EFBC}") = "AwesomeBooks.Utilities", "AwesomeBooks.Utilities\AwesomeBooks.Utilities.csproj", "{CF8EB43F-C7D7-4EE5-97C5-2352687DB6DE}"
EndProject
Global
	GlobalSection(SolutionConfigurationPlatforms) = preSolution
		Debug|Any CPU = Debug|Any CPU
		Release|Any CPU = Release|Any CPU
	EndGlobalSection
	GlobalSection(ProjectConfigurationPlatforms) = postSolution
		{3CF8EF54-40CC-443D-9DAB-3DE506D457FD}.Debug|Any CPU.ActiveCfg = Debug|Any CPU
		{3CF8EF54-40CC-443D-9DAB-3DE506D457FD}.Debug|Any CPU.Build.0 = Debug|Any CPU
		{3CF8EF54-40CC-443D-9DAB-3DE506D457FD}.Release|Any CPU.ActiveCfg = Release|Any CPU
		{3CF8EF54-40CC-443D-9DAB-3DE506D457FD}.Release|Any CPU.Build.0 = Release|Any CPU
		{89882317-8BFF-4A39-8365-37024C59DF4C}.Debug|Any CPU.ActiveCfg = Debug|Any CPU
		{89882317-8BFF-4A39-8365-37024C59DF4C}.Debug|Any CPU.Build.0 = Debug|Any CPU
		{89882317-8BFF-4A39-8365-37024C59DF4C}.Release|Any CPU.ActiveCfg = Release|Any CPU
		{89882317-8BFF-4A39-8365-37024C59DF4C}.Release|Any CPU.Build.0 = Release|Any CPU
		{CF8EB43F-C7D7-4EE5-97C5-2352687DB6DE}.Debug|Any CPU.ActiveCfg = Debug|Any CPU
		{CF8EB43F-C7D7-4EE5-97C5-2352687DB6DE}.Debug|Any CPU.Build.0 = Debug|Any CPU
		{CF8EB43F-C7D7-4EE5-97C5-2352687DB6DE}.Release|Any CPU.ActiveCfg = Release|Any CPU
		{CF8EB43F-C7D7-4EE5-97C5-2352687DB6DE}.Release|Any CPU.Build.0 = Release|Any CPU
	EndGlobalSection
	GlobalSection(SolutionProperties) = preSolution
		HideSolutionNode = FALSE
	EndGlobalSection
	GlobalSection(ExtensibilityGlobals) = postSolution
		SolutionGuid = {B8B2215D-E7FA-478B-A687-624090DB3BB0}
	EndGlobalSection
EndGlobal
